
Microsoft Visual Studio Solution File, Format Version 12.00
# Visual Studio Version 17
VisualStudioVersion = 17.8.34309.116
MinimumVisualStudioVersion = 10.0.40219.1
Project("{2150E333-8FDC-42A3-9474-1A3956D46DE8}") = "src", "src", "{7E375717-B376-4BF3-8AE8-5B310A744BC4}"
EndProject
Project("{2150E333-8FDC-42A3-9474-1A3956D46DE8}") = "Core", "Core", "{33332733-EBF1-4F2E-9BFD-123574E6B72B}"
EndProject
Project("{2150E333-8FDC-42A3-9474-1A3956D46DE8}") = "Facade", "Facade", "{5FB8AD5D-3B70-4B45-B41E-5B3813CD1033}"
EndProject
Project("{2150E333-8FDC-42A3-9474-1A3956D46DE8}") = "Services", "Services", "{8CC21DB7-619C-4030-B9AA-2CFBD8421A16}"
EndProject
Project("{2150E333-8FDC-42A3-9474-1A3956D46DE8}") = "WebApps", "WebApps", "{FDC2FEEA-2737-4546-AE04-EEBEF32E0ED6}"
EndProject
Project("{2150E333-8FDC-42A3-9474-1A3956D46DE8}") = "Konsi", "Konsi", "{7F1B97E6-6388-4BB2-B37F-E95E924BF725}"
EndProject
Project("{9A19103F-16F7-4668-BE54-9A1E7A4F7556}") = "KonsiCred.Core", "src\Core\Konsi.Core\KonsiCred.Core.csproj", "{1478604F-F9C7-48D1-8B15-8A623E893F8A}"
EndProject
Project("{9A19103F-16F7-4668-BE54-9A1E7A4F7556}") = "KonsiCred.Facade", "src\Facade\Konsi.Facade\KonsiCred.Facade.csproj", "{16C68735-D505-4393-BB4C-26B010B74F20}"
EndProject
Project("{9A19103F-16F7-4668-BE54-9A1E7A4F7556}") = "KonsiCred.Web", "src\WebApps\KonsiCred.Web\KonsiCred.Web\KonsiCred.Web.csproj", "{516AF56A-58BC-4E56-B506-1413C180CB9A}"
EndProject
Project("{9A19103F-16F7-4668-BE54-9A1E7A4F7556}") = "KonsiCred.Web.Client", "src\WebApps\KonsiCred.Web\KonsiCred.Web.Client\KonsiCred.Web.Client.csproj", "{BEB19FE1-66CB-4FDD-AF77-7AC126FB0AB4}"
EndProject
Project("{9A19103F-16F7-4668-BE54-9A1E7A4F7556}") = "KonsiCred.Api", "src\Services\Konsi\KonsiCred.Api\KonsiCred.Api.csproj", "{6D1283AA-4AF2-48C4-BAE7-8381A168BFF0}"
EndProject
Project("{9A19103F-16F7-4668-BE54-9A1E7A4F7556}") = "KonsiCred.Application", "src\Services\Konsi\KonsiCred.Application\KonsiCred.Application.csproj", "{9872E855-F828-42EF-81B7-50D2D7168AAB}"
EndProject
Project("{9A19103F-16F7-4668-BE54-9A1E7A4F7556}") = "KonsiCred.Data", "src\Services\Konsi\KonsiCred.Data\KonsiCred.Data.csproj", "{6BC07E9C-870C-49F8-B7EF-30CC63C6F701}"
EndProject
Project("{9A19103F-16F7-4668-BE54-9A1E7A4F7556}") = "KonsiCred.Domain", "src\Services\Konsi\KonsiCred.Domain\KonsiCred.Domain.csproj", "{3A312A00-8C64-4BA7-88A8-410A9527D26D}"
EndProject
Global
	GlobalSection(SolutionConfigurationPlatforms) = preSolution
		Debug|Any CPU = Debug|Any CPU
		Release|Any CPU = Release|Any CPU
	EndGlobalSection
	GlobalSection(ProjectConfigurationPlatforms) = postSolution
		{1478604F-F9C7-48D1-8B15-8A623E893F8A}.Debug|Any CPU.ActiveCfg = Debug|Any CPU
		{1478604F-F9C7-48D1-8B15-8A623E893F8A}.Debug|Any CPU.Build.0 = Debug|Any CPU
		{1478604F-F9C7-48D1-8B15-8A623E893F8A}.Release|Any CPU.ActiveCfg = Release|Any CPU
		{1478604F-F9C7-48D1-8B15-8A623E893F8A}.Release|Any CPU.Build.0 = Release|Any CPU
		{16C68735-D505-4393-BB4C-26B010B74F20}.Debug|Any CPU.ActiveCfg = Debug|Any CPU
		{16C68735-D505-4393-BB4C-26B010B74F20}.Debug|Any CPU.Build.0 = Debug|Any CPU
		{16C68735-D505-4393-BB4C-26B010B74F20}.Release|Any CPU.ActiveCfg = Release|Any CPU
		{16C68735-D505-4393-BB4C-26B010B74F20}.Release|Any CPU.Build.0 = Release|Any CPU
		{516AF56A-58BC-4E56-B506-1413C180CB9A}.Debug|Any CPU.ActiveCfg = Debug|Any CPU
		{516AF56A-58BC-4E56-B506-1413C180CB9A}.Debug|Any CPU.Build.0 = Debug|Any CPU
		{516AF56A-58BC-4E56-B506-1413C180CB9A}.Release|Any CPU.ActiveCfg = Release|Any CPU
		{516AF56A-58BC-4E56-B506-1413C180CB9A}.Release|Any CPU.Build.0 = Release|Any CPU
		{BEB19FE1-66CB-4FDD-AF77-7AC126FB0AB4}.Debug|Any CPU.ActiveCfg = Debug|Any CPU
		{BEB19FE1-66CB-4FDD-AF77-7AC126FB0AB4}.Debug|Any CPU.Build.0 = Debug|Any CPU
		{BEB19FE1-66CB-4FDD-AF77-7AC126FB0AB4}.Release|Any CPU.ActiveCfg = Release|Any CPU
		{BEB19FE1-66CB-4FDD-AF77-7AC126FB0AB4}.Release|Any CPU.Build.0 = Release|Any CPU
		{6D1283AA-4AF2-48C4-BAE7-8381A168BFF0}.Debug|Any CPU.ActiveCfg = Debug|Any CPU
		{6D1283AA-4AF2-48C4-BAE7-8381A168BFF0}.Debug|Any CPU.Build.0 = Debug|Any CPU
		{6D1283AA-4AF2-48C4-BAE7-8381A168BFF0}.Release|Any CPU.ActiveCfg = Release|Any CPU
		{6D1283AA-4AF2-48C4-BAE7-8381A168BFF0}.Release|Any CPU.Build.0 = Release|Any CPU
		{9872E855-F828-42EF-81B7-50D2D7168AAB}.Debug|Any CPU.ActiveCfg = Debug|Any CPU
		{9872E855-F828-42EF-81B7-50D2D7168AAB}.Debug|Any CPU.Build.0 = Debug|Any CPU
		{9872E855-F828-42EF-81B7-50D2D7168AAB}.Release|Any CPU.ActiveCfg = Release|Any CPU
		{9872E855-F828-42EF-81B7-50D2D7168AAB}.Release|Any CPU.Build.0 = Release|Any CPU
		{6BC07E9C-870C-49F8-B7EF-30CC63C6F701}.Debug|Any CPU.ActiveCfg = Debug|Any CPU
		{6BC07E9C-870C-49F8-B7EF-30CC63C6F701}.Debug|Any CPU.Build.0 = Debug|Any CPU
		{6BC07E9C-870C-49F8-B7EF-30CC63C6F701}.Release|Any CPU.ActiveCfg = Release|Any CPU
		{6BC07E9C-870C-49F8-B7EF-30CC63C6F701}.Release|Any CPU.Build.0 = Release|Any CPU
		{3A312A00-8C64-4BA7-88A8-410A9527D26D}.Debug|Any CPU.ActiveCfg = Debug|Any CPU
		{3A312A00-8C64-4BA7-88A8-410A9527D26D}.Debug|Any CPU.Build.0 = Debug|Any CPU
		{3A312A00-8C64-4BA7-88A8-410A9527D26D}.Release|Any CPU.ActiveCfg = Release|Any CPU
		{3A312A00-8C64-4BA7-88A8-410A9527D26D}.Release|Any CPU.Build.0 = Release|Any CPU
	EndGlobalSection
	GlobalSection(SolutionProperties) = preSolution
		HideSolutionNode = FALSE
	EndGlobalSection
	GlobalSection(NestedProjects) = preSolution
		{33332733-EBF1-4F2E-9BFD-123574E6B72B} = {7E375717-B376-4BF3-8AE8-5B310A744BC4}
		{5FB8AD5D-3B70-4B45-B41E-5B3813CD1033} = {7E375717-B376-4BF3-8AE8-5B310A744BC4}
		{8CC21DB7-619C-4030-B9AA-2CFBD8421A16} = {7E375717-B376-4BF3-8AE8-5B310A744BC4}
		{FDC2FEEA-2737-4546-AE04-EEBEF32E0ED6} = {7E375717-B376-4BF3-8AE8-5B310A744BC4}
		{7F1B97E6-6388-4BB2-B37F-E95E924BF725} = {8CC21DB7-619C-4030-B9AA-2CFBD8421A16}
		{1478604F-F9C7-48D1-8B15-8A623E893F8A} = {33332733-EBF1-4F2E-9BFD-123574E6B72B}
		{16C68735-D505-4393-BB4C-26B010B74F20} = {5FB8AD5D-3B70-4B45-B41E-5B3813CD1033}
		{516AF56A-58BC-4E56-B506-1413C180CB9A} = {FDC2FEEA-2737-4546-AE04-EEBEF32E0ED6}
		{BEB19FE1-66CB-4FDD-AF77-7AC126FB0AB4} = {FDC2FEEA-2737-4546-AE04-EEBEF32E0ED6}
		{6D1283AA-4AF2-48C4-BAE7-8381A168BFF0} = {7F1B97E6-6388-4BB2-B37F-E95E924BF725}
		{9872E855-F828-42EF-81B7-50D2D7168AAB} = {7F1B97E6-6388-4BB2-B37F-E95E924BF725}
		{6BC07E9C-870C-49F8-B7EF-30CC63C6F701} = {7F1B97E6-6388-4BB2-B37F-E95E924BF725}
		{3A312A00-8C64-4BA7-88A8-410A9527D26D} = {7F1B97E6-6388-4BB2-B37F-E95E924BF725}
	EndGlobalSection
	GlobalSection(ExtensibilityGlobals) = postSolution
		SolutionGuid = {DBC3850A-2E24-4322-BF07-536502F703F2}
	EndGlobalSection
EndGlobal
